
Microsoft Visual Studio Solution File, Format Version 12.00
# Visual Studio 15
VisualStudioVersion = 15.0.26730.12
MinimumVisualStudioVersion = 10.0.40219.1
Project("{2150E333-8FDC-42A3-9474-1A3956D46DE8}") = "BLL", "BLL", "{8CECEA81-8E6E-411E-867E-6761374445A4}"
EndProject
Project("{FAE04EC0-301F-11D3-BF4B-00C04F79EFBC}") = "BLL", "BLL\BLL.csproj", "{01EFAA1B-20A1-47CF-8F12-BA7EAE352F6F}"
EndProject
Project("{2150E333-8FDC-42A3-9474-1A3956D46DE8}") = "DAL", "DAL", "{75BFB3C4-E587-47ED-80A1-7C524C321FB5}"
EndProject
Project("{FAE04EC0-301F-11D3-BF4B-00C04F79EFBC}") = "SqlServerDAL", "SqlServerDAL\SqlServerDAL.csproj", "{7F74A1B3-FB09-4E79-AA7D-FCFFB4F34D28}"
EndProject
Project("{2150E333-8FDC-42A3-9474-1A3956D46DE8}") = "IDAL", "IDAL", "{9936C29C-EE00-4DEA-A3C2-2234703E733C}"
EndProject
Project("{FAE04EC0-301F-11D3-BF4B-00C04F79EFBC}") = "IDAL", "IDAL\IDAL.csproj", "{7F663EBF-1347-4F38-8B7D-6A4CE64E11F7}"
EndProject
Project("{2150E333-8FDC-42A3-9474-1A3956D46DE8}") = "Model", "Model", "{FF665197-B803-4F20-927B-A8EDF0B54952}"
EndProject
Project("{FAE04EC0-301F-11D3-BF4B-00C04F79EFBC}") = "Model", "Model\Model.csproj", "{4869CB3E-7E27-415A-9D08-62014ECE42A2}"
EndProject
Project("{FAE04EC0-301F-11D3-BF4B-00C04F79EFBC}") = "WcfModel", "WcfModel\WcfModel.csproj", "{D95D4F1F-67E6-44F7-9185-688ECCC214CB}"
EndProject
Project("{2150E333-8FDC-42A3-9474-1A3956D46DE8}") = "Service", "Service", "{04087717-3E61-4154-84EE-95E8E92E4297}"
EndProject
Project("{FAE04EC0-301F-11D3-BF4B-00C04F79EFBC}") = "WcfService", "WcfService\WcfService.csproj", "{44353185-11E6-4A10-B471-30857062436F}"
EndProject
Project("{2150E333-8FDC-42A3-9474-1A3956D46DE8}") = "UI", "UI", "{E86E9EF7-74B8-4E1C-BBE2-FE8C071815AA}"
EndProject
Project("{FAE04EC0-301F-11D3-BF4B-00C04F79EFBC}") = "Web", "Web\Web.csproj", "{011DE50B-216D-49C4-8836-8BA2F4C9E490}"
EndProject
Project("{2150E333-8FDC-42A3-9474-1A3956D46DE8}") = "WebHelper", "WebHelper", "{873399EB-1E05-49D2-8C94-9B750C051C53}"
EndProject
Project("{FAE04EC0-301F-11D3-BF4B-00C04F79EFBC}") = "WebHelper", "WebHelper\WebHelper.csproj", "{1FFFD334-8D1C-498E-9DDA-226C0BFF1C93}"
EndProject
Project("{2150E333-8FDC-42A3-9474-1A3956D46DE8}") = "DALFactory", "DALFactory", "{45CB1D05-058F-4F29-A2B9-1FDFD69C53D8}"
EndProject
Project("{FAE04EC0-301F-11D3-BF4B-00C04F79EFBC}") = "DALFactory", "DALFactory\DALFactory.csproj", "{6318233F-6EB5-4702-AEA5-E90E3DCDDA90}"
EndProject
Project("{2150E333-8FDC-42A3-9474-1A3956D46DE8}") = "DBUtility", "DBUtility", "{56E2CE31-FE51-4104-8448-DF2FF8DD649A}"
EndProject
Project("{FAE04EC0-301F-11D3-BF4B-00C04F79EFBC}") = "DBUtility", "DBUtility\DBUtility.csproj", "{768D1FC0-3C84-4E7E-80FA-6047FE619C4D}"
EndProject
Project("{2150E333-8FDC-42A3-9474-1A3956D46DE8}") = "Sys", "Sys", "{4CECD885-AE28-4B5D-999A-432139F00DA0}"
EndProject
Project("{FAE04EC0-301F-11D3-BF4B-00C04F79EFBC}") = "SysHelper", "SysHelper\SysHelper.csproj", "{B83CFD25-6295-458F-BBF9-374BCB2BA665}"
EndProject
Project("{2150E333-8FDC-42A3-9474-1A3956D46DE8}") = "Provider", "Provider", "{FCD6063E-5DF1-4C57-9EA0-CF85F7DB5705}"
EndProject
Project("{FAE04EC0-301F-11D3-BF4B-00C04F79EFBC}") = "CustomProvider", "CustomProvider\CustomProvider.csproj", "{E48DF9B7-0B07-4A74-A8E5-8BB53420FF0D}"
EndProject
Project("{FAE04EC0-301F-11D3-BF4B-00C04F79EFBC}") = "SysException", "SysException\SysException.csproj", "{2217D80E-E1B3-4303-8D9B-E6168D867C35}"
EndProject
Project("{2150E333-8FDC-42A3-9474-1A3956D46DE8}") = "MSMQ", "MSMQ", "{87EE2169-58E5-4550-996A-228B03812D61}"
EndProject
Project("{FAE04EC0-301F-11D3-BF4B-00C04F79EFBC}") = "IMessaging", "IMessaging\IMessaging.csproj", "{19281519-9852-4B15-9298-63A0BF2CB2C3}"
EndProject
Project("{FAE04EC0-301F-11D3-BF4B-00C04F79EFBC}") = "MessagingFactory", "MessagingFactory\MessagingFactory.csproj", "{373F402E-8CF9-48C6-B9F1-C2D183F5741D}"
EndProject
Project("{FAE04EC0-301F-11D3-BF4B-00C04F79EFBC}") = "MsmqMessaging", "MsmqMessaging\MsmqMessaging.csproj", "{AD3DEE38-F75B-43C3-9E3F-8764D59A66B1}"
EndProject
Project("{2150E333-8FDC-42A3-9474-1A3956D46DE8}") = "Task", "Task", "{520638CA-598B-4C40-A80C-B3B7D1B2186B}"
EndProject
Project("{FAE04EC0-301F-11D3-BF4B-00C04F79EFBC}") = "TaskProcessor", "TaskProcessor\TaskProcessor.csproj", "{218B6B0F-2539-4096-ACCE-2263C7F68F97}"
EndProject
Project("{FAE04EC0-301F-11D3-BF4B-00C04F79EFBC}") = "TaskWS", "TaskWS\TaskWS.csproj", "{48199BA0-624F-4D0C-919D-BCBA71673046}"
EndProject
Project("{FAE04EC0-301F-11D3-BF4B-00C04F79EFBC}") = "TaskCA", "TaskCA\TaskCA.csproj", "{ACA6CD55-08DA-47C6-8EE6-B8C31C39D8B8}"
EndProject
Project("{2150E333-8FDC-42A3-9474-1A3956D46DE8}") = "Converters", "Converters", "{6F7E1046-4790-462E-A310-2BC6645D6E76}"
EndProject
Project("{FAE04EC0-301F-11D3-BF4B-00C04F79EFBC}") = "Converter", "Converter\Converter.csproj", "{C1C9AC27-1C8E-49D4-A684-5759CCE99286}"
EndProject
Project("{FAE04EC0-301F-11D3-BF4B-00C04F79EFBC}") = "CA", "CA\CA.csproj", "{01459C12-C052-4FE0-B01A-51069BFA5E42}"
EndProject
Global
	GlobalSection(SolutionConfigurationPlatforms) = preSolution
		Debug|Any CPU = Debug|Any CPU
		Release|Any CPU = Release|Any CPU
	EndGlobalSection
	GlobalSection(ProjectConfigurationPlatforms) = postSolution
		{01EFAA1B-20A1-47CF-8F12-BA7EAE352F6F}.Debug|Any CPU.ActiveCfg = Debug|Any CPU
		{01EFAA1B-20A1-47CF-8F12-BA7EAE352F6F}.Debug|Any CPU.Build.0 = Debug|Any CPU
		{01EFAA1B-20A1-47CF-8F12-BA7EAE352F6F}.Release|Any CPU.ActiveCfg = Release|Any CPU
		{01EFAA1B-20A1-47CF-8F12-BA7EAE352F6F}.Release|Any CPU.Build.0 = Release|Any CPU
		{7F74A1B3-FB09-4E79-AA7D-FCFFB4F34D28}.Debug|Any CPU.ActiveCfg = Debug|Any CPU
		{7F74A1B3-FB09-4E79-AA7D-FCFFB4F34D28}.Debug|Any CPU.Build.0 = Debug|Any CPU
		{7F74A1B3-FB09-4E79-AA7D-FCFFB4F34D28}.Release|Any CPU.ActiveCfg = Release|Any CPU
		{7F74A1B3-FB09-4E79-AA7D-FCFFB4F34D28}.Release|Any CPU.Build.0 = Release|Any CPU
		{7F663EBF-1347-4F38-8B7D-6A4CE64E11F7}.Debug|Any CPU.ActiveCfg = Debug|Any CPU
		{7F663EBF-1347-4F38-8B7D-6A4CE64E11F7}.Debug|Any CPU.Build.0 = Debug|Any CPU
		{7F663EBF-1347-4F38-8B7D-6A4CE64E11F7}.Release|Any CPU.ActiveCfg = Release|Any CPU
		{7F663EBF-1347-4F38-8B7D-6A4CE64E11F7}.Release|Any CPU.Build.0 = Release|Any CPU
		{4869CB3E-7E27-415A-9D08-62014ECE42A2}.Debug|Any CPU.ActiveCfg = Debug|Any CPU
		{4869CB3E-7E27-415A-9D08-62014ECE42A2}.Debug|Any CPU.Build.0 = Debug|Any CPU
		{4869CB3E-7E27-415A-9D08-62014ECE42A2}.Release|Any CPU.ActiveCfg = Release|Any CPU
		{4869CB3E-7E27-415A-9D08-62014ECE42A2}.Release|Any CPU.Build.0 = Release|Any CPU
		{D95D4F1F-67E6-44F7-9185-688ECCC214CB}.Debug|Any CPU.ActiveCfg = Debug|Any CPU
		{D95D4F1F-67E6-44F7-9185-688ECCC214CB}.Debug|Any CPU.Build.0 = Debug|Any CPU
		{D95D4F1F-67E6-44F7-9185-688ECCC214CB}.Release|Any CPU.ActiveCfg = Release|Any CPU
		{D95D4F1F-67E6-44F7-9185-688ECCC214CB}.Release|Any CPU.Build.0 = Release|Any CPU
		{44353185-11E6-4A10-B471-30857062436F}.Debug|Any CPU.ActiveCfg = Debug|Any CPU
		{44353185-11E6-4A10-B471-30857062436F}.Debug|Any CPU.Build.0 = Debug|Any CPU
		{44353185-11E6-4A10-B471-30857062436F}.Release|Any CPU.ActiveCfg = Release|Any CPU
		{44353185-11E6-4A10-B471-30857062436F}.Release|Any CPU.Build.0 = Release|Any CPU
		{011DE50B-216D-49C4-8836-8BA2F4C9E490}.Debug|Any CPU.ActiveCfg = Debug|Any CPU
		{011DE50B-216D-49C4-8836-8BA2F4C9E490}.Debug|Any CPU.Build.0 = Debug|Any CPU
		{011DE50B-216D-49C4-8836-8BA2F4C9E490}.Release|Any CPU.ActiveCfg = Release|Any CPU
		{011DE50B-216D-49C4-8836-8BA2F4C9E490}.Release|Any CPU.Build.0 = Release|Any CPU
		{1FFFD334-8D1C-498E-9DDA-226C0BFF1C93}.Debug|Any CPU.ActiveCfg = Debug|Any CPU
		{1FFFD334-8D1C-498E-9DDA-226C0BFF1C93}.Debug|Any CPU.Build.0 = Debug|Any CPU
		{1FFFD334-8D1C-498E-9DDA-226C0BFF1C93}.Release|Any CPU.ActiveCfg = Release|Any CPU
		{1FFFD334-8D1C-498E-9DDA-226C0BFF1C93}.Release|Any CPU.Build.0 = Release|Any CPU
		{6318233F-6EB5-4702-AEA5-E90E3DCDDA90}.Debug|Any CPU.ActiveCfg = Debug|Any CPU
		{6318233F-6EB5-4702-AEA5-E90E3DCDDA90}.Debug|Any CPU.Build.0 = Debug|Any CPU
		{6318233F-6EB5-4702-AEA5-E90E3DCDDA90}.Release|Any CPU.ActiveCfg = Release|Any CPU
		{6318233F-6EB5-4702-AEA5-E90E3DCDDA90}.Release|Any CPU.Build.0 = Release|Any CPU
		{768D1FC0-3C84-4E7E-80FA-6047FE619C4D}.Debug|Any CPU.ActiveCfg = Debug|Any CPU
		{768D1FC0-3C84-4E7E-80FA-6047FE619C4D}.Debug|Any CPU.Build.0 = Debug|Any CPU
		{768D1FC0-3C84-4E7E-80FA-6047FE619C4D}.Release|Any CPU.ActiveCfg = Release|Any CPU
		{768D1FC0-3C84-4E7E-80FA-6047FE619C4D}.Release|Any CPU.Build.0 = Release|Any CPU
		{B83CFD25-6295-458F-BBF9-374BCB2BA665}.Debug|Any CPU.ActiveCfg = Debug|Any CPU
		{B83CFD25-6295-458F-BBF9-374BCB2BA665}.Debug|Any CPU.Build.0 = Debug|Any CPU
		{B83CFD25-6295-458F-BBF9-374BCB2BA665}.Release|Any CPU.ActiveCfg = Release|Any CPU
		{B83CFD25-6295-458F-BBF9-374BCB2BA665}.Release|Any CPU.Build.0 = Release|Any CPU
		{E48DF9B7-0B07-4A74-A8E5-8BB53420FF0D}.Debug|Any CPU.ActiveCfg = Debug|Any CPU
		{E48DF9B7-0B07-4A74-A8E5-8BB53420FF0D}.Debug|Any CPU.Build.0 = Debug|Any CPU
		{E48DF9B7-0B07-4A74-A8E5-8BB53420FF0D}.Release|Any CPU.ActiveCfg = Release|Any CPU
		{E48DF9B7-0B07-4A74-A8E5-8BB53420FF0D}.Release|Any CPU.Build.0 = Release|Any CPU
		{2217D80E-E1B3-4303-8D9B-E6168D867C35}.Debug|Any CPU.ActiveCfg = Debug|Any CPU
		{2217D80E-E1B3-4303-8D9B-E6168D867C35}.Debug|Any CPU.Build.0 = Debug|Any CPU
		{2217D80E-E1B3-4303-8D9B-E6168D867C35}.Release|Any CPU.ActiveCfg = Release|Any CPU
		{2217D80E-E1B3-4303-8D9B-E6168D867C35}.Release|Any CPU.Build.0 = Release|Any CPU
		{19281519-9852-4B15-9298-63A0BF2CB2C3}.Debug|Any CPU.ActiveCfg = Debug|Any CPU
		{19281519-9852-4B15-9298-63A0BF2CB2C3}.Debug|Any CPU.Build.0 = Debug|Any CPU
		{19281519-9852-4B15-9298-63A0BF2CB2C3}.Release|Any CPU.ActiveCfg = Release|Any CPU
		{19281519-9852-4B15-9298-63A0BF2CB2C3}.Release|Any CPU.Build.0 = Release|Any CPU
		{373F402E-8CF9-48C6-B9F1-C2D183F5741D}.Debug|Any CPU.ActiveCfg = Debug|Any CPU
		{373F402E-8CF9-48C6-B9F1-C2D183F5741D}.Debug|Any CPU.Build.0 = Debug|Any CPU
		{373F402E-8CF9-48C6-B9F1-C2D183F5741D}.Release|Any CPU.ActiveCfg = Release|Any CPU
		{373F402E-8CF9-48C6-B9F1-C2D183F5741D}.Release|Any CPU.Build.0 = Release|Any CPU
		{AD3DEE38-F75B-43C3-9E3F-8764D59A66B1}.Debug|Any CPU.ActiveCfg = Debug|Any CPU
		{AD3DEE38-F75B-43C3-9E3F-8764D59A66B1}.Debug|Any CPU.Build.0 = Debug|Any CPU
		{AD3DEE38-F75B-43C3-9E3F-8764D59A66B1}.Release|Any CPU.ActiveCfg = Release|Any CPU
		{AD3DEE38-F75B-43C3-9E3F-8764D59A66B1}.Release|Any CPU.Build.0 = Release|Any CPU
		{218B6B0F-2539-4096-ACCE-2263C7F68F97}.Debug|Any CPU.ActiveCfg = Debug|Any CPU
		{218B6B0F-2539-4096-ACCE-2263C7F68F97}.Debug|Any CPU.Build.0 = Debug|Any CPU
		{218B6B0F-2539-4096-ACCE-2263C7F68F97}.Release|Any CPU.ActiveCfg = Release|Any CPU
		{218B6B0F-2539-4096-ACCE-2263C7F68F97}.Release|Any CPU.Build.0 = Release|Any CPU
		{48199BA0-624F-4D0C-919D-BCBA71673046}.Debug|Any CPU.ActiveCfg = Debug|Any CPU
		{48199BA0-624F-4D0C-919D-BCBA71673046}.Debug|Any CPU.Build.0 = Debug|Any CPU
		{48199BA0-624F-4D0C-919D-BCBA71673046}.Release|Any CPU.ActiveCfg = Release|Any CPU
		{48199BA0-624F-4D0C-919D-BCBA71673046}.Release|Any CPU.Build.0 = Release|Any CPU
		{ACA6CD55-08DA-47C6-8EE6-B8C31C39D8B8}.Debug|Any CPU.ActiveCfg = Debug|Any CPU
		{ACA6CD55-08DA-47C6-8EE6-B8C31C39D8B8}.Debug|Any CPU.Build.0 = Debug|Any CPU
		{ACA6CD55-08DA-47C6-8EE6-B8C31C39D8B8}.Release|Any CPU.ActiveCfg = Release|Any CPU
		{ACA6CD55-08DA-47C6-8EE6-B8C31C39D8B8}.Release|Any CPU.Build.0 = Release|Any CPU
		{C1C9AC27-1C8E-49D4-A684-5759CCE99286}.Debug|Any CPU.ActiveCfg = Debug|Any CPU
		{C1C9AC27-1C8E-49D4-A684-5759CCE99286}.Debug|Any CPU.Build.0 = Debug|Any CPU
		{C1C9AC27-1C8E-49D4-A684-5759CCE99286}.Release|Any CPU.ActiveCfg = Release|Any CPU
		{C1C9AC27-1C8E-49D4-A684-5759CCE99286}.Release|Any CPU.Build.0 = Release|Any CPU
		{01459C12-C052-4FE0-B01A-51069BFA5E42}.Debug|Any CPU.ActiveCfg = Debug|x86
		{01459C12-C052-4FE0-B01A-51069BFA5E42}.Release|Any CPU.ActiveCfg = Release|x86
	EndGlobalSection
	GlobalSection(SolutionProperties) = preSolution
		HideSolutionNode = FALSE
	EndGlobalSection
	GlobalSection(NestedProjects) = preSolution
		{01EFAA1B-20A1-47CF-8F12-BA7EAE352F6F} = {8CECEA81-8E6E-411E-867E-6761374445A4}
		{7F74A1B3-FB09-4E79-AA7D-FCFFB4F34D28} = {75BFB3C4-E587-47ED-80A1-7C524C321FB5}
		{7F663EBF-1347-4F38-8B7D-6A4CE64E11F7} = {9936C29C-EE00-4DEA-A3C2-2234703E733C}
		{4869CB3E-7E27-415A-9D08-62014ECE42A2} = {FF665197-B803-4F20-927B-A8EDF0B54952}
		{D95D4F1F-67E6-44F7-9185-688ECCC214CB} = {FF665197-B803-4F20-927B-A8EDF0B54952}
		{44353185-11E6-4A10-B471-30857062436F} = {04087717-3E61-4154-84EE-95E8E92E4297}
		{011DE50B-216D-49C4-8836-8BA2F4C9E490} = {E86E9EF7-74B8-4E1C-BBE2-FE8C071815AA}
		{1FFFD334-8D1C-498E-9DDA-226C0BFF1C93} = {873399EB-1E05-49D2-8C94-9B750C051C53}
		{6318233F-6EB5-4702-AEA5-E90E3DCDDA90} = {45CB1D05-058F-4F29-A2B9-1FDFD69C53D8}
		{768D1FC0-3C84-4E7E-80FA-6047FE619C4D} = {56E2CE31-FE51-4104-8448-DF2FF8DD649A}
		{B83CFD25-6295-458F-BBF9-374BCB2BA665} = {4CECD885-AE28-4B5D-999A-432139F00DA0}
		{E48DF9B7-0B07-4A74-A8E5-8BB53420FF0D} = {FCD6063E-5DF1-4C57-9EA0-CF85F7DB5705}
		{2217D80E-E1B3-4303-8D9B-E6168D867C35} = {4CECD885-AE28-4B5D-999A-432139F00DA0}
		{19281519-9852-4B15-9298-63A0BF2CB2C3} = {87EE2169-58E5-4550-996A-228B03812D61}
		{373F402E-8CF9-48C6-B9F1-C2D183F5741D} = {87EE2169-58E5-4550-996A-228B03812D61}
		{AD3DEE38-F75B-43C3-9E3F-8764D59A66B1} = {87EE2169-58E5-4550-996A-228B03812D61}
		{218B6B0F-2539-4096-ACCE-2263C7F68F97} = {520638CA-598B-4C40-A80C-B3B7D1B2186B}
		{48199BA0-624F-4D0C-919D-BCBA71673046} = {520638CA-598B-4C40-A80C-B3B7D1B2186B}
		{ACA6CD55-08DA-47C6-8EE6-B8C31C39D8B8} = {520638CA-598B-4C40-A80C-B3B7D1B2186B}
		{C1C9AC27-1C8E-49D4-A684-5759CCE99286} = {6F7E1046-4790-462E-A310-2BC6645D6E76}
		{01459C12-C052-4FE0-B01A-51069BFA5E42} = {E86E9EF7-74B8-4E1C-BBE2-FE8C071815AA}
	EndGlobalSection
	GlobalSection(ExtensibilityGlobals) = postSolution
		SolutionGuid = {DBEB1DC8-937E-4336-A592-40D8B28653BE}
	EndGlobalSection
EndGlobal
