
Microsoft Visual Studio Solution File, Format Version 11.00
# Visual Studio 2010
Project("{2150E333-8FDC-42A3-9474-1A3956D46DE8}") = "BLL", "BLL", "{63B267A9-1230-45EB-A72F-B49609A94FDE}"
EndProject
Project("{FAE04EC0-301F-11D3-BF4B-00C04F79EFBC}") = "BLL", "BLL\BLL.csproj", "{01EFAA1B-20A1-47CF-8F12-BA7EAE352F6F}"
EndProject
Project("{2150E333-8FDC-42A3-9474-1A3956D46DE8}") = "Converters", "Converters", "{DBA7160E-9B72-4406-A83A-579D3809C587}"
EndProject
Project("{FAE04EC0-301F-11D3-BF4B-00C04F79EFBC}") = "Converter", "Converter\Converter.csproj", "{C1C9AC27-1C8E-49D4-A684-5759CCE99286}"
EndProject
Project("{2150E333-8FDC-42A3-9474-1A3956D46DE8}") = "DAL", "DAL", "{DBBF980A-A73F-4A32-9C9B-996BD62A6487}"
EndProject
Project("{FAE04EC0-301F-11D3-BF4B-00C04F79EFBC}") = "SqlServerDAL", "SqlServerDAL\SqlServerDAL.csproj", "{7F74A1B3-FB09-4E79-AA7D-FCFFB4F34D28}"
EndProject
Project("{2150E333-8FDC-42A3-9474-1A3956D46DE8}") = "DALFactory", "DALFactory", "{49361428-9604-472B-8A61-C871FB233C80}"
EndProject
Project("{FAE04EC0-301F-11D3-BF4B-00C04F79EFBC}") = "DALFactory", "DALFactory\DALFactory.csproj", "{6318233F-6EB5-4702-AEA5-E90E3DCDDA90}"
EndProject
Project("{2150E333-8FDC-42A3-9474-1A3956D46DE8}") = "DBUtility", "DBUtility", "{8BDF8C38-4B61-4230-9D46-4ABA36DAF546}"
EndProject
Project("{FAE04EC0-301F-11D3-BF4B-00C04F79EFBC}") = "DBUtility", "DBUtility\DBUtility.csproj", "{768D1FC0-3C84-4E7E-80FA-6047FE619C4D}"
EndProject
Project("{2150E333-8FDC-42A3-9474-1A3956D46DE8}") = "IDAL", "IDAL", "{B4066A5A-FC94-4BEE-A1F3-D52BB6B863E7}"
EndProject
Project("{FAE04EC0-301F-11D3-BF4B-00C04F79EFBC}") = "IDAL", "IDAL\IDAL.csproj", "{7F663EBF-1347-4F38-8B7D-6A4CE64E11F7}"
EndProject
Project("{2150E333-8FDC-42A3-9474-1A3956D46DE8}") = "Model", "Model", "{C135F678-9241-4C15-B9C1-CFCB38B8ADBC}"
EndProject
Project("{FAE04EC0-301F-11D3-BF4B-00C04F79EFBC}") = "Model", "Model\Model.csproj", "{4869CB3E-7E27-415A-9D08-62014ECE42A2}"
EndProject
Project("{FAE04EC0-301F-11D3-BF4B-00C04F79EFBC}") = "WcfModel", "WcfModel\WcfModel.csproj", "{D95D4F1F-67E6-44F7-9185-688ECCC214CB}"
EndProject
Project("{2150E333-8FDC-42A3-9474-1A3956D46DE8}") = "MSMQ", "MSMQ", "{8C615EA3-42CE-4CA7-9640-E83B2978E30B}"
EndProject
Project("{FAE04EC0-301F-11D3-BF4B-00C04F79EFBC}") = "IMessaging", "IMessaging\IMessaging.csproj", "{19281519-9852-4B15-9298-63A0BF2CB2C3}"
EndProject
Project("{FAE04EC0-301F-11D3-BF4B-00C04F79EFBC}") = "MessagingFactory", "MessagingFactory\MessagingFactory.csproj", "{373F402E-8CF9-48C6-B9F1-C2D183F5741D}"
EndProject
Project("{FAE04EC0-301F-11D3-BF4B-00C04F79EFBC}") = "MsmqMessaging", "MsmqMessaging\MsmqMessaging.csproj", "{AD3DEE38-F75B-43C3-9E3F-8764D59A66B1}"
EndProject
Project("{2150E333-8FDC-42A3-9474-1A3956D46DE8}") = "Provider", "Provider", "{856475E6-3B73-4B94-A3ED-1A3569709361}"
EndProject
Project("{FAE04EC0-301F-11D3-BF4B-00C04F79EFBC}") = "CustomProvider", "CustomProvider\CustomProvider.csproj", "{E48DF9B7-0B07-4A74-A8E5-8BB53420FF0D}"
EndProject
Project("{2150E333-8FDC-42A3-9474-1A3956D46DE8}") = "Service", "Service", "{49AE40B2-8217-41EE-A800-942257A6C20D}"
EndProject
Project("{FAE04EC0-301F-11D3-BF4B-00C04F79EFBC}") = "WcfService", "WcfService\WcfService.csproj", "{44353185-11E6-4A10-B471-30857062436F}"
EndProject
Project("{2150E333-8FDC-42A3-9474-1A3956D46DE8}") = "Sys", "Sys", "{3BAEC116-DB4C-412D-A6E6-B9BF1C213FFD}"
EndProject
Project("{FAE04EC0-301F-11D3-BF4B-00C04F79EFBC}") = "SysException", "SysException\SysException.csproj", "{2217D80E-E1B3-4303-8D9B-E6168D867C35}"
EndProject
Project("{FAE04EC0-301F-11D3-BF4B-00C04F79EFBC}") = "SysHelper", "SysHelper\SysHelper.csproj", "{B83CFD25-6295-458F-BBF9-374BCB2BA665}"
EndProject
Project("{2150E333-8FDC-42A3-9474-1A3956D46DE8}") = "Task", "Task", "{B1B18A0C-259B-4F8A-9C4E-AB222AE50F7F}"
EndProject
Project("{FAE04EC0-301F-11D3-BF4B-00C04F79EFBC}") = "TaskCA", "TaskCA\TaskCA.csproj", "{ACA6CD55-08DA-47C6-8EE6-B8C31C39D8B8}"
EndProject
Project("{FAE04EC0-301F-11D3-BF4B-00C04F79EFBC}") = "TaskProcessor", "TaskProcessor\TaskProcessor.csproj", "{218B6B0F-2539-4096-ACCE-2263C7F68F97}"
EndProject
Project("{FAE04EC0-301F-11D3-BF4B-00C04F79EFBC}") = "TaskWS", "TaskWS\TaskWS.csproj", "{48199BA0-624F-4D0C-919D-BCBA71673046}"
EndProject
Project("{2150E333-8FDC-42A3-9474-1A3956D46DE8}") = "UI", "UI", "{DB866E52-850B-4970-9AC7-9BC152CF29D0}"
EndProject
Project("{FAE04EC0-301F-11D3-BF4B-00C04F79EFBC}") = "Web", "Web\Web.csproj", "{011DE50B-216D-49C4-8836-8BA2F4C9E490}"
EndProject
Project("{2150E333-8FDC-42A3-9474-1A3956D46DE8}") = "WebHelper", "WebHelper", "{0A2FCDF9-3B86-4B14-8916-5E1852B72A68}"
EndProject
Project("{FAE04EC0-301F-11D3-BF4B-00C04F79EFBC}") = "WebHelper", "WebHelper\WebHelper.csproj", "{1FFFD334-8D1C-498E-9DDA-226C0BFF1C93}"
EndProject
Project("{FAE04EC0-301F-11D3-BF4B-00C04F79EFBC}") = "CA", "CA\CA.csproj", "{01459C12-C052-4FE0-B01A-51069BFA5E42}"
EndProject
Global
	GlobalSection(SolutionConfigurationPlatforms) = preSolution
		Debug|Any CPU = Debug|Any CPU
		Debug|Mixed Platforms = Debug|Mixed Platforms
		Debug|x86 = Debug|x86
		Release|Any CPU = Release|Any CPU
		Release|Mixed Platforms = Release|Mixed Platforms
		Release|x86 = Release|x86
	EndGlobalSection
	GlobalSection(ProjectConfigurationPlatforms) = postSolution
		{01EFAA1B-20A1-47CF-8F12-BA7EAE352F6F}.Debug|Any CPU.ActiveCfg = Debug|Any CPU
		{01EFAA1B-20A1-47CF-8F12-BA7EAE352F6F}.Debug|Any CPU.Build.0 = Debug|Any CPU
		{01EFAA1B-20A1-47CF-8F12-BA7EAE352F6F}.Debug|Mixed Platforms.ActiveCfg = Debug|Any CPU
		{01EFAA1B-20A1-47CF-8F12-BA7EAE352F6F}.Debug|Mixed Platforms.Build.0 = Debug|Any CPU
		{01EFAA1B-20A1-47CF-8F12-BA7EAE352F6F}.Debug|x86.ActiveCfg = Debug|Any CPU
		{01EFAA1B-20A1-47CF-8F12-BA7EAE352F6F}.Release|Any CPU.ActiveCfg = Release|Any CPU
		{01EFAA1B-20A1-47CF-8F12-BA7EAE352F6F}.Release|Any CPU.Build.0 = Release|Any CPU
		{01EFAA1B-20A1-47CF-8F12-BA7EAE352F6F}.Release|Mixed Platforms.ActiveCfg = Release|Any CPU
		{01EFAA1B-20A1-47CF-8F12-BA7EAE352F6F}.Release|Mixed Platforms.Build.0 = Release|Any CPU
		{01EFAA1B-20A1-47CF-8F12-BA7EAE352F6F}.Release|x86.ActiveCfg = Release|Any CPU
		{C1C9AC27-1C8E-49D4-A684-5759CCE99286}.Debug|Any CPU.ActiveCfg = Debug|Any CPU
		{C1C9AC27-1C8E-49D4-A684-5759CCE99286}.Debug|Any CPU.Build.0 = Debug|Any CPU
		{C1C9AC27-1C8E-49D4-A684-5759CCE99286}.Debug|Mixed Platforms.ActiveCfg = Debug|Any CPU
		{C1C9AC27-1C8E-49D4-A684-5759CCE99286}.Debug|Mixed Platforms.Build.0 = Debug|Any CPU
		{C1C9AC27-1C8E-49D4-A684-5759CCE99286}.Debug|x86.ActiveCfg = Debug|Any CPU
		{C1C9AC27-1C8E-49D4-A684-5759CCE99286}.Release|Any CPU.ActiveCfg = Release|Any CPU
		{C1C9AC27-1C8E-49D4-A684-5759CCE99286}.Release|Any CPU.Build.0 = Release|Any CPU
		{C1C9AC27-1C8E-49D4-A684-5759CCE99286}.Release|Mixed Platforms.ActiveCfg = Release|Any CPU
		{C1C9AC27-1C8E-49D4-A684-5759CCE99286}.Release|Mixed Platforms.Build.0 = Release|Any CPU
		{C1C9AC27-1C8E-49D4-A684-5759CCE99286}.Release|x86.ActiveCfg = Release|Any CPU
		{7F74A1B3-FB09-4E79-AA7D-FCFFB4F34D28}.Debug|Any CPU.ActiveCfg = Debug|Any CPU
		{7F74A1B3-FB09-4E79-AA7D-FCFFB4F34D28}.Debug|Any CPU.Build.0 = Debug|Any CPU
		{7F74A1B3-FB09-4E79-AA7D-FCFFB4F34D28}.Debug|Mixed Platforms.ActiveCfg = Debug|Any CPU
		{7F74A1B3-FB09-4E79-AA7D-FCFFB4F34D28}.Debug|Mixed Platforms.Build.0 = Debug|Any CPU
		{7F74A1B3-FB09-4E79-AA7D-FCFFB4F34D28}.Debug|x86.ActiveCfg = Debug|Any CPU
		{7F74A1B3-FB09-4E79-AA7D-FCFFB4F34D28}.Release|Any CPU.ActiveCfg = Release|Any CPU
		{7F74A1B3-FB09-4E79-AA7D-FCFFB4F34D28}.Release|Any CPU.Build.0 = Release|Any CPU
		{7F74A1B3-FB09-4E79-AA7D-FCFFB4F34D28}.Release|Mixed Platforms.ActiveCfg = Release|Any CPU
		{7F74A1B3-FB09-4E79-AA7D-FCFFB4F34D28}.Release|Mixed Platforms.Build.0 = Release|Any CPU
		{7F74A1B3-FB09-4E79-AA7D-FCFFB4F34D28}.Release|x86.ActiveCfg = Release|Any CPU
		{6318233F-6EB5-4702-AEA5-E90E3DCDDA90}.Debug|Any CPU.ActiveCfg = Debug|Any CPU
		{6318233F-6EB5-4702-AEA5-E90E3DCDDA90}.Debug|Any CPU.Build.0 = Debug|Any CPU
		{6318233F-6EB5-4702-AEA5-E90E3DCDDA90}.Debug|Mixed Platforms.ActiveCfg = Debug|Any CPU
		{6318233F-6EB5-4702-AEA5-E90E3DCDDA90}.Debug|Mixed Platforms.Build.0 = Debug|Any CPU
		{6318233F-6EB5-4702-AEA5-E90E3DCDDA90}.Debug|x86.ActiveCfg = Debug|Any CPU
		{6318233F-6EB5-4702-AEA5-E90E3DCDDA90}.Release|Any CPU.ActiveCfg = Release|Any CPU
		{6318233F-6EB5-4702-AEA5-E90E3DCDDA90}.Release|Any CPU.Build.0 = Release|Any CPU
		{6318233F-6EB5-4702-AEA5-E90E3DCDDA90}.Release|Mixed Platforms.ActiveCfg = Release|Any CPU
		{6318233F-6EB5-4702-AEA5-E90E3DCDDA90}.Release|Mixed Platforms.Build.0 = Release|Any CPU
		{6318233F-6EB5-4702-AEA5-E90E3DCDDA90}.Release|x86.ActiveCfg = Release|Any CPU
		{768D1FC0-3C84-4E7E-80FA-6047FE619C4D}.Debug|Any CPU.ActiveCfg = Debug|Any CPU
		{768D1FC0-3C84-4E7E-80FA-6047FE619C4D}.Debug|Any CPU.Build.0 = Debug|Any CPU
		{768D1FC0-3C84-4E7E-80FA-6047FE619C4D}.Debug|Mixed Platforms.ActiveCfg = Debug|Any CPU
		{768D1FC0-3C84-4E7E-80FA-6047FE619C4D}.Debug|Mixed Platforms.Build.0 = Debug|Any CPU
		{768D1FC0-3C84-4E7E-80FA-6047FE619C4D}.Debug|x86.ActiveCfg = Debug|Any CPU
		{768D1FC0-3C84-4E7E-80FA-6047FE619C4D}.Release|Any CPU.ActiveCfg = Release|Any CPU
		{768D1FC0-3C84-4E7E-80FA-6047FE619C4D}.Release|Any CPU.Build.0 = Release|Any CPU
		{768D1FC0-3C84-4E7E-80FA-6047FE619C4D}.Release|Mixed Platforms.ActiveCfg = Release|Any CPU
		{768D1FC0-3C84-4E7E-80FA-6047FE619C4D}.Release|Mixed Platforms.Build.0 = Release|Any CPU
		{768D1FC0-3C84-4E7E-80FA-6047FE619C4D}.Release|x86.ActiveCfg = Release|Any CPU
		{7F663EBF-1347-4F38-8B7D-6A4CE64E11F7}.Debug|Any CPU.ActiveCfg = Debug|Any CPU
		{7F663EBF-1347-4F38-8B7D-6A4CE64E11F7}.Debug|Any CPU.Build.0 = Debug|Any CPU
		{7F663EBF-1347-4F38-8B7D-6A4CE64E11F7}.Debug|Mixed Platforms.ActiveCfg = Debug|Any CPU
		{7F663EBF-1347-4F38-8B7D-6A4CE64E11F7}.Debug|Mixed Platforms.Build.0 = Debug|Any CPU
		{7F663EBF-1347-4F38-8B7D-6A4CE64E11F7}.Debug|x86.ActiveCfg = Debug|Any CPU
		{7F663EBF-1347-4F38-8B7D-6A4CE64E11F7}.Release|Any CPU.ActiveCfg = Release|Any CPU
		{7F663EBF-1347-4F38-8B7D-6A4CE64E11F7}.Release|Any CPU.Build.0 = Release|Any CPU
		{7F663EBF-1347-4F38-8B7D-6A4CE64E11F7}.Release|Mixed Platforms.ActiveCfg = Release|Any CPU
		{7F663EBF-1347-4F38-8B7D-6A4CE64E11F7}.Release|Mixed Platforms.Build.0 = Release|Any CPU
		{7F663EBF-1347-4F38-8B7D-6A4CE64E11F7}.Release|x86.ActiveCfg = Release|Any CPU
		{4869CB3E-7E27-415A-9D08-62014ECE42A2}.Debug|Any CPU.ActiveCfg = Debug|Any CPU
		{4869CB3E-7E27-415A-9D08-62014ECE42A2}.Debug|Any CPU.Build.0 = Debug|Any CPU
		{4869CB3E-7E27-415A-9D08-62014ECE42A2}.Debug|Mixed Platforms.ActiveCfg = Debug|Any CPU
		{4869CB3E-7E27-415A-9D08-62014ECE42A2}.Debug|Mixed Platforms.Build.0 = Debug|Any CPU
		{4869CB3E-7E27-415A-9D08-62014ECE42A2}.Debug|x86.ActiveCfg = Debug|Any CPU
		{4869CB3E-7E27-415A-9D08-62014ECE42A2}.Release|Any CPU.ActiveCfg = Release|Any CPU
		{4869CB3E-7E27-415A-9D08-62014ECE42A2}.Release|Any CPU.Build.0 = Release|Any CPU
		{4869CB3E-7E27-415A-9D08-62014ECE42A2}.Release|Mixed Platforms.ActiveCfg = Release|Any CPU
		{4869CB3E-7E27-415A-9D08-62014ECE42A2}.Release|Mixed Platforms.Build.0 = Release|Any CPU
		{4869CB3E-7E27-415A-9D08-62014ECE42A2}.Release|x86.ActiveCfg = Release|Any CPU
		{D95D4F1F-67E6-44F7-9185-688ECCC214CB}.Debug|Any CPU.ActiveCfg = Debug|Any CPU
		{D95D4F1F-67E6-44F7-9185-688ECCC214CB}.Debug|Any CPU.Build.0 = Debug|Any CPU
		{D95D4F1F-67E6-44F7-9185-688ECCC214CB}.Debug|Mixed Platforms.ActiveCfg = Debug|Any CPU
		{D95D4F1F-67E6-44F7-9185-688ECCC214CB}.Debug|Mixed Platforms.Build.0 = Debug|Any CPU
		{D95D4F1F-67E6-44F7-9185-688ECCC214CB}.Debug|x86.ActiveCfg = Debug|Any CPU
		{D95D4F1F-67E6-44F7-9185-688ECCC214CB}.Release|Any CPU.ActiveCfg = Release|Any CPU
		{D95D4F1F-67E6-44F7-9185-688ECCC214CB}.Release|Any CPU.Build.0 = Release|Any CPU
		{D95D4F1F-67E6-44F7-9185-688ECCC214CB}.Release|Mixed Platforms.ActiveCfg = Release|Any CPU
		{D95D4F1F-67E6-44F7-9185-688ECCC214CB}.Release|Mixed Platforms.Build.0 = Release|Any CPU
		{D95D4F1F-67E6-44F7-9185-688ECCC214CB}.Release|x86.ActiveCfg = Release|Any CPU
		{19281519-9852-4B15-9298-63A0BF2CB2C3}.Debug|Any CPU.ActiveCfg = Debug|Any CPU
		{19281519-9852-4B15-9298-63A0BF2CB2C3}.Debug|Any CPU.Build.0 = Debug|Any CPU
		{19281519-9852-4B15-9298-63A0BF2CB2C3}.Debug|Mixed Platforms.ActiveCfg = Debug|Any CPU
		{19281519-9852-4B15-9298-63A0BF2CB2C3}.Debug|Mixed Platforms.Build.0 = Debug|Any CPU
		{19281519-9852-4B15-9298-63A0BF2CB2C3}.Debug|x86.ActiveCfg = Debug|Any CPU
		{19281519-9852-4B15-9298-63A0BF2CB2C3}.Release|Any CPU.ActiveCfg = Release|Any CPU
		{19281519-9852-4B15-9298-63A0BF2CB2C3}.Release|Any CPU.Build.0 = Release|Any CPU
		{19281519-9852-4B15-9298-63A0BF2CB2C3}.Release|Mixed Platforms.ActiveCfg = Release|Any CPU
		{19281519-9852-4B15-9298-63A0BF2CB2C3}.Release|Mixed Platforms.Build.0 = Release|Any CPU
		{19281519-9852-4B15-9298-63A0BF2CB2C3}.Release|x86.ActiveCfg = Release|Any CPU
		{373F402E-8CF9-48C6-B9F1-C2D183F5741D}.Debug|Any CPU.ActiveCfg = Debug|Any CPU
		{373F402E-8CF9-48C6-B9F1-C2D183F5741D}.Debug|Any CPU.Build.0 = Debug|Any CPU
		{373F402E-8CF9-48C6-B9F1-C2D183F5741D}.Debug|Mixed Platforms.ActiveCfg = Debug|Any CPU
		{373F402E-8CF9-48C6-B9F1-C2D183F5741D}.Debug|Mixed Platforms.Build.0 = Debug|Any CPU
		{373F402E-8CF9-48C6-B9F1-C2D183F5741D}.Debug|x86.ActiveCfg = Debug|Any CPU
		{373F402E-8CF9-48C6-B9F1-C2D183F5741D}.Release|Any CPU.ActiveCfg = Release|Any CPU
		{373F402E-8CF9-48C6-B9F1-C2D183F5741D}.Release|Any CPU.Build.0 = Release|Any CPU
		{373F402E-8CF9-48C6-B9F1-C2D183F5741D}.Release|Mixed Platforms.ActiveCfg = Release|Any CPU
		{373F402E-8CF9-48C6-B9F1-C2D183F5741D}.Release|Mixed Platforms.Build.0 = Release|Any CPU
		{373F402E-8CF9-48C6-B9F1-C2D183F5741D}.Release|x86.ActiveCfg = Release|Any CPU
		{AD3DEE38-F75B-43C3-9E3F-8764D59A66B1}.Debug|Any CPU.ActiveCfg = Debug|Any CPU
		{AD3DEE38-F75B-43C3-9E3F-8764D59A66B1}.Debug|Any CPU.Build.0 = Debug|Any CPU
		{AD3DEE38-F75B-43C3-9E3F-8764D59A66B1}.Debug|Mixed Platforms.ActiveCfg = Debug|Any CPU
		{AD3DEE38-F75B-43C3-9E3F-8764D59A66B1}.Debug|Mixed Platforms.Build.0 = Debug|Any CPU
		{AD3DEE38-F75B-43C3-9E3F-8764D59A66B1}.Debug|x86.ActiveCfg = Debug|Any CPU
		{AD3DEE38-F75B-43C3-9E3F-8764D59A66B1}.Release|Any CPU.ActiveCfg = Release|Any CPU
		{AD3DEE38-F75B-43C3-9E3F-8764D59A66B1}.Release|Any CPU.Build.0 = Release|Any CPU
		{AD3DEE38-F75B-43C3-9E3F-8764D59A66B1}.Release|Mixed Platforms.ActiveCfg = Release|Any CPU
		{AD3DEE38-F75B-43C3-9E3F-8764D59A66B1}.Release|Mixed Platforms.Build.0 = Release|Any CPU
		{AD3DEE38-F75B-43C3-9E3F-8764D59A66B1}.Release|x86.ActiveCfg = Release|Any CPU
		{E48DF9B7-0B07-4A74-A8E5-8BB53420FF0D}.Debug|Any CPU.ActiveCfg = Debug|Any CPU
		{E48DF9B7-0B07-4A74-A8E5-8BB53420FF0D}.Debug|Any CPU.Build.0 = Debug|Any CPU
		{E48DF9B7-0B07-4A74-A8E5-8BB53420FF0D}.Debug|Mixed Platforms.ActiveCfg = Debug|Any CPU
		{E48DF9B7-0B07-4A74-A8E5-8BB53420FF0D}.Debug|Mixed Platforms.Build.0 = Debug|Any CPU
		{E48DF9B7-0B07-4A74-A8E5-8BB53420FF0D}.Debug|x86.ActiveCfg = Debug|Any CPU
		{E48DF9B7-0B07-4A74-A8E5-8BB53420FF0D}.Release|Any CPU.ActiveCfg = Release|Any CPU
		{E48DF9B7-0B07-4A74-A8E5-8BB53420FF0D}.Release|Any CPU.Build.0 = Release|Any CPU
		{E48DF9B7-0B07-4A74-A8E5-8BB53420FF0D}.Release|Mixed Platforms.ActiveCfg = Release|Any CPU
		{E48DF9B7-0B07-4A74-A8E5-8BB53420FF0D}.Release|Mixed Platforms.Build.0 = Release|Any CPU
		{E48DF9B7-0B07-4A74-A8E5-8BB53420FF0D}.Release|x86.ActiveCfg = Release|Any CPU
		{44353185-11E6-4A10-B471-30857062436F}.Debug|Any CPU.ActiveCfg = Debug|Any CPU
		{44353185-11E6-4A10-B471-30857062436F}.Debug|Any CPU.Build.0 = Debug|Any CPU
		{44353185-11E6-4A10-B471-30857062436F}.Debug|Mixed Platforms.ActiveCfg = Debug|Any CPU
		{44353185-11E6-4A10-B471-30857062436F}.Debug|Mixed Platforms.Build.0 = Debug|Any CPU
		{44353185-11E6-4A10-B471-30857062436F}.Debug|x86.ActiveCfg = Debug|Any CPU
		{44353185-11E6-4A10-B471-30857062436F}.Release|Any CPU.ActiveCfg = Release|Any CPU
		{44353185-11E6-4A10-B471-30857062436F}.Release|Any CPU.Build.0 = Release|Any CPU
		{44353185-11E6-4A10-B471-30857062436F}.Release|Mixed Platforms.ActiveCfg = Release|Any CPU
		{44353185-11E6-4A10-B471-30857062436F}.Release|Mixed Platforms.Build.0 = Release|Any CPU
		{44353185-11E6-4A10-B471-30857062436F}.Release|x86.ActiveCfg = Release|Any CPU
		{2217D80E-E1B3-4303-8D9B-E6168D867C35}.Debug|Any CPU.ActiveCfg = Debug|Any CPU
		{2217D80E-E1B3-4303-8D9B-E6168D867C35}.Debug|Any CPU.Build.0 = Debug|Any CPU
		{2217D80E-E1B3-4303-8D9B-E6168D867C35}.Debug|Mixed Platforms.ActiveCfg = Debug|Any CPU
		{2217D80E-E1B3-4303-8D9B-E6168D867C35}.Debug|Mixed Platforms.Build.0 = Debug|Any CPU
		{2217D80E-E1B3-4303-8D9B-E6168D867C35}.Debug|x86.ActiveCfg = Debug|Any CPU
		{2217D80E-E1B3-4303-8D9B-E6168D867C35}.Release|Any CPU.ActiveCfg = Release|Any CPU
		{2217D80E-E1B3-4303-8D9B-E6168D867C35}.Release|Any CPU.Build.0 = Release|Any CPU
		{2217D80E-E1B3-4303-8D9B-E6168D867C35}.Release|Mixed Platforms.ActiveCfg = Release|Any CPU
		{2217D80E-E1B3-4303-8D9B-E6168D867C35}.Release|Mixed Platforms.Build.0 = Release|Any CPU
		{2217D80E-E1B3-4303-8D9B-E6168D867C35}.Release|x86.ActiveCfg = Release|Any CPU
		{B83CFD25-6295-458F-BBF9-374BCB2BA665}.Debug|Any CPU.ActiveCfg = Debug|Any CPU
		{B83CFD25-6295-458F-BBF9-374BCB2BA665}.Debug|Any CPU.Build.0 = Debug|Any CPU
		{B83CFD25-6295-458F-BBF9-374BCB2BA665}.Debug|Mixed Platforms.ActiveCfg = Debug|Any CPU
		{B83CFD25-6295-458F-BBF9-374BCB2BA665}.Debug|Mixed Platforms.Build.0 = Debug|Any CPU
		{B83CFD25-6295-458F-BBF9-374BCB2BA665}.Debug|x86.ActiveCfg = Debug|Any CPU
		{B83CFD25-6295-458F-BBF9-374BCB2BA665}.Release|Any CPU.ActiveCfg = Release|Any CPU
		{B83CFD25-6295-458F-BBF9-374BCB2BA665}.Release|Any CPU.Build.0 = Release|Any CPU
		{B83CFD25-6295-458F-BBF9-374BCB2BA665}.Release|Mixed Platforms.ActiveCfg = Release|Any CPU
		{B83CFD25-6295-458F-BBF9-374BCB2BA665}.Release|Mixed Platforms.Build.0 = Release|Any CPU
		{B83CFD25-6295-458F-BBF9-374BCB2BA665}.Release|x86.ActiveCfg = Release|Any CPU
		{ACA6CD55-08DA-47C6-8EE6-B8C31C39D8B8}.Debug|Any CPU.ActiveCfg = Debug|Any CPU
		{ACA6CD55-08DA-47C6-8EE6-B8C31C39D8B8}.Debug|Any CPU.Build.0 = Debug|Any CPU
		{ACA6CD55-08DA-47C6-8EE6-B8C31C39D8B8}.Debug|Mixed Platforms.ActiveCfg = Debug|Any CPU
		{ACA6CD55-08DA-47C6-8EE6-B8C31C39D8B8}.Debug|Mixed Platforms.Build.0 = Debug|Any CPU
		{ACA6CD55-08DA-47C6-8EE6-B8C31C39D8B8}.Debug|x86.ActiveCfg = Debug|Any CPU
		{ACA6CD55-08DA-47C6-8EE6-B8C31C39D8B8}.Release|Any CPU.ActiveCfg = Release|Any CPU
		{ACA6CD55-08DA-47C6-8EE6-B8C31C39D8B8}.Release|Any CPU.Build.0 = Release|Any CPU
		{ACA6CD55-08DA-47C6-8EE6-B8C31C39D8B8}.Release|Mixed Platforms.ActiveCfg = Release|Any CPU
		{ACA6CD55-08DA-47C6-8EE6-B8C31C39D8B8}.Release|Mixed Platforms.Build.0 = Release|Any CPU
		{ACA6CD55-08DA-47C6-8EE6-B8C31C39D8B8}.Release|x86.ActiveCfg = Release|Any CPU
		{218B6B0F-2539-4096-ACCE-2263C7F68F97}.Debug|Any CPU.ActiveCfg = Debug|Any CPU
		{218B6B0F-2539-4096-ACCE-2263C7F68F97}.Debug|Any CPU.Build.0 = Debug|Any CPU
		{218B6B0F-2539-4096-ACCE-2263C7F68F97}.Debug|Mixed Platforms.ActiveCfg = Debug|Any CPU
		{218B6B0F-2539-4096-ACCE-2263C7F68F97}.Debug|Mixed Platforms.Build.0 = Debug|Any CPU
		{218B6B0F-2539-4096-ACCE-2263C7F68F97}.Debug|x86.ActiveCfg = Debug|Any CPU
		{218B6B0F-2539-4096-ACCE-2263C7F68F97}.Release|Any CPU.ActiveCfg = Release|Any CPU
		{218B6B0F-2539-4096-ACCE-2263C7F68F97}.Release|Any CPU.Build.0 = Release|Any CPU
		{218B6B0F-2539-4096-ACCE-2263C7F68F97}.Release|Mixed Platforms.ActiveCfg = Release|Any CPU
		{218B6B0F-2539-4096-ACCE-2263C7F68F97}.Release|Mixed Platforms.Build.0 = Release|Any CPU
		{218B6B0F-2539-4096-ACCE-2263C7F68F97}.Release|x86.ActiveCfg = Release|Any CPU
		{48199BA0-624F-4D0C-919D-BCBA71673046}.Debug|Any CPU.ActiveCfg = Debug|Any CPU
		{48199BA0-624F-4D0C-919D-BCBA71673046}.Debug|Any CPU.Build.0 = Debug|Any CPU
		{48199BA0-624F-4D0C-919D-BCBA71673046}.Debug|Mixed Platforms.ActiveCfg = Debug|Any CPU
		{48199BA0-624F-4D0C-919D-BCBA71673046}.Debug|Mixed Platforms.Build.0 = Debug|Any CPU
		{48199BA0-624F-4D0C-919D-BCBA71673046}.Debug|x86.ActiveCfg = Debug|Any CPU
		{48199BA0-624F-4D0C-919D-BCBA71673046}.Release|Any CPU.ActiveCfg = Release|Any CPU
		{48199BA0-624F-4D0C-919D-BCBA71673046}.Release|Any CPU.Build.0 = Release|Any CPU
		{48199BA0-624F-4D0C-919D-BCBA71673046}.Release|Mixed Platforms.ActiveCfg = Release|Any CPU
		{48199BA0-624F-4D0C-919D-BCBA71673046}.Release|Mixed Platforms.Build.0 = Release|Any CPU
		{48199BA0-624F-4D0C-919D-BCBA71673046}.Release|x86.ActiveCfg = Release|Any CPU
		{011DE50B-216D-49C4-8836-8BA2F4C9E490}.Debug|Any CPU.ActiveCfg = Debug|Any CPU
		{011DE50B-216D-49C4-8836-8BA2F4C9E490}.Debug|Any CPU.Build.0 = Debug|Any CPU
		{011DE50B-216D-49C4-8836-8BA2F4C9E490}.Debug|Mixed Platforms.ActiveCfg = Debug|Any CPU
		{011DE50B-216D-49C4-8836-8BA2F4C9E490}.Debug|Mixed Platforms.Build.0 = Debug|Any CPU
		{011DE50B-216D-49C4-8836-8BA2F4C9E490}.Debug|x86.ActiveCfg = Debug|Any CPU
		{011DE50B-216D-49C4-8836-8BA2F4C9E490}.Release|Any CPU.ActiveCfg = Release|Any CPU
		{011DE50B-216D-49C4-8836-8BA2F4C9E490}.Release|Any CPU.Build.0 = Release|Any CPU
		{011DE50B-216D-49C4-8836-8BA2F4C9E490}.Release|Mixed Platforms.ActiveCfg = Release|Any CPU
		{011DE50B-216D-49C4-8836-8BA2F4C9E490}.Release|Mixed Platforms.Build.0 = Release|Any CPU
		{011DE50B-216D-49C4-8836-8BA2F4C9E490}.Release|x86.ActiveCfg = Release|Any CPU
		{1FFFD334-8D1C-498E-9DDA-226C0BFF1C93}.Debug|Any CPU.ActiveCfg = Debug|Any CPU
		{1FFFD334-8D1C-498E-9DDA-226C0BFF1C93}.Debug|Any CPU.Build.0 = Debug|Any CPU
		{1FFFD334-8D1C-498E-9DDA-226C0BFF1C93}.Debug|Mixed Platforms.ActiveCfg = Debug|Any CPU
		{1FFFD334-8D1C-498E-9DDA-226C0BFF1C93}.Debug|Mixed Platforms.Build.0 = Debug|Any CPU
		{1FFFD334-8D1C-498E-9DDA-226C0BFF1C93}.Debug|x86.ActiveCfg = Debug|Any CPU
		{1FFFD334-8D1C-498E-9DDA-226C0BFF1C93}.Release|Any CPU.ActiveCfg = Release|Any CPU
		{1FFFD334-8D1C-498E-9DDA-226C0BFF1C93}.Release|Any CPU.Build.0 = Release|Any CPU
		{1FFFD334-8D1C-498E-9DDA-226C0BFF1C93}.Release|Mixed Platforms.ActiveCfg = Release|Any CPU
		{1FFFD334-8D1C-498E-9DDA-226C0BFF1C93}.Release|Mixed Platforms.Build.0 = Release|Any CPU
		{1FFFD334-8D1C-498E-9DDA-226C0BFF1C93}.Release|x86.ActiveCfg = Release|Any CPU
		{01459C12-C052-4FE0-B01A-51069BFA5E42}.Debug|Any CPU.ActiveCfg = Debug|x86
		{01459C12-C052-4FE0-B01A-51069BFA5E42}.Debug|Mixed Platforms.ActiveCfg = Debug|x86
		{01459C12-C052-4FE0-B01A-51069BFA5E42}.Debug|Mixed Platforms.Build.0 = Debug|x86
		{01459C12-C052-4FE0-B01A-51069BFA5E42}.Debug|x86.ActiveCfg = Debug|x86
		{01459C12-C052-4FE0-B01A-51069BFA5E42}.Debug|x86.Build.0 = Debug|x86
		{01459C12-C052-4FE0-B01A-51069BFA5E42}.Release|Any CPU.ActiveCfg = Release|x86
		{01459C12-C052-4FE0-B01A-51069BFA5E42}.Release|Mixed Platforms.ActiveCfg = Release|x86
		{01459C12-C052-4FE0-B01A-51069BFA5E42}.Release|Mixed Platforms.Build.0 = Release|x86
		{01459C12-C052-4FE0-B01A-51069BFA5E42}.Release|x86.ActiveCfg = Release|x86
		{01459C12-C052-4FE0-B01A-51069BFA5E42}.Release|x86.Build.0 = Release|x86
	EndGlobalSection
	GlobalSection(SolutionProperties) = preSolution
		HideSolutionNode = FALSE
	EndGlobalSection
	GlobalSection(NestedProjects) = preSolution
		{01EFAA1B-20A1-47CF-8F12-BA7EAE352F6F} = {63B267A9-1230-45EB-A72F-B49609A94FDE}
		{C1C9AC27-1C8E-49D4-A684-5759CCE99286} = {DBA7160E-9B72-4406-A83A-579D3809C587}
		{7F74A1B3-FB09-4E79-AA7D-FCFFB4F34D28} = {DBBF980A-A73F-4A32-9C9B-996BD62A6487}
		{6318233F-6EB5-4702-AEA5-E90E3DCDDA90} = {49361428-9604-472B-8A61-C871FB233C80}
		{768D1FC0-3C84-4E7E-80FA-6047FE619C4D} = {8BDF8C38-4B61-4230-9D46-4ABA36DAF546}
		{7F663EBF-1347-4F38-8B7D-6A4CE64E11F7} = {B4066A5A-FC94-4BEE-A1F3-D52BB6B863E7}
		{4869CB3E-7E27-415A-9D08-62014ECE42A2} = {C135F678-9241-4C15-B9C1-CFCB38B8ADBC}
		{D95D4F1F-67E6-44F7-9185-688ECCC214CB} = {C135F678-9241-4C15-B9C1-CFCB38B8ADBC}
		{19281519-9852-4B15-9298-63A0BF2CB2C3} = {8C615EA3-42CE-4CA7-9640-E83B2978E30B}
		{373F402E-8CF9-48C6-B9F1-C2D183F5741D} = {8C615EA3-42CE-4CA7-9640-E83B2978E30B}
		{AD3DEE38-F75B-43C3-9E3F-8764D59A66B1} = {8C615EA3-42CE-4CA7-9640-E83B2978E30B}
		{E48DF9B7-0B07-4A74-A8E5-8BB53420FF0D} = {856475E6-3B73-4B94-A3ED-1A3569709361}
		{44353185-11E6-4A10-B471-30857062436F} = {49AE40B2-8217-41EE-A800-942257A6C20D}
		{2217D80E-E1B3-4303-8D9B-E6168D867C35} = {3BAEC116-DB4C-412D-A6E6-B9BF1C213FFD}
		{B83CFD25-6295-458F-BBF9-374BCB2BA665} = {3BAEC116-DB4C-412D-A6E6-B9BF1C213FFD}
		{ACA6CD55-08DA-47C6-8EE6-B8C31C39D8B8} = {B1B18A0C-259B-4F8A-9C4E-AB222AE50F7F}
		{218B6B0F-2539-4096-ACCE-2263C7F68F97} = {B1B18A0C-259B-4F8A-9C4E-AB222AE50F7F}
		{48199BA0-624F-4D0C-919D-BCBA71673046} = {B1B18A0C-259B-4F8A-9C4E-AB222AE50F7F}
		{011DE50B-216D-49C4-8836-8BA2F4C9E490} = {DB866E52-850B-4970-9AC7-9BC152CF29D0}
		{01459C12-C052-4FE0-B01A-51069BFA5E42} = {DB866E52-850B-4970-9AC7-9BC152CF29D0}
		{1FFFD334-8D1C-498E-9DDA-226C0BFF1C93} = {0A2FCDF9-3B86-4B14-8916-5E1852B72A68}
	EndGlobalSection
EndGlobal
